{
  "requires": true,
  "lockfileVersion": 1,
  "dependencies": {
    "@stripe/stripe-js": {
      "version": "1.13.0",
      "resolved": "https://registry.npmjs.org/@stripe/stripe-js/-/stripe-js-1.13.0.tgz",
      "integrity": "sha512-8H3yH+jqZ7pWe34WvOo0L0pYsjaveb3Kw9dfoHUMnUwHWZ7ku4SwWZD1D8wQSnTx5se4iVUuKRsLvEwkUaUjSw=="
    },
    "react-storage-hooks": {
      "version": "4.0.1",
      "resolved": "https://registry.npmjs.org/react-storage-hooks/-/react-storage-hooks-4.0.1.tgz",
      "integrity": "sha512-fetDkT5RDHGruc2NrdD1iqqoLuXgbx6AUpQSQLLkrCiJf8i97EtwJNXNTy3+GRfsATLG8TZgNc9lGRZOaU5yQA=="
    },
    "use-shopping-cart": {
      "version": "2.4.2",
      "resolved": "https://registry.npmjs.org/use-shopping-cart/-/use-shopping-cart-2.4.2.tgz",
      "integrity": "sha512-I74K3vh0bJ/UVXolhEnfRzQH15Xw5GnzAkr7jj1krFd6jAk2zjDJWdw1dc+U4ZhvHUy+aZkmzE3zQGx+KkUqbA==",
      "requires": {
        "react-storage-hooks": "^4.0.0",
        "uuid": "^8.3.1"
      }
    },
    "uuid": {
      "version": "8.3.2",
      "resolved": "https://registry.npmjs.org/uuid/-/uuid-8.3.2.tgz",
      "integrity": "sha512-+NYs2QeMWy+GWFOEm9xnn6HCDp0l7QBD7ml8zLUmJ+93Q5NF0NocErnwkTkXVFNiX3/fpC6afS8Dhb/gz7R7eg=="
    }
  }
}
